# THIS IS AN AUTOGENERATED FILE. DO NOT EDIT THIS FILE DIRECTLY.
# yarn lockfile v1


"@anttikissa/fisher-yates-shuffle@^1.0.6":
  version "1.0.6"
  resolved "https://registry.yarnpkg.com/@anttikissa/fisher-yates-shuffle/-/fisher-yates-shuffle-1.0.6.tgz#a7a4c0a87e9f0cde65063838fee0419a1be6232b"
  integrity sha512-KDirYy0L+PmNWKAHKaBJKA3v7zIpDVEAMQokve4ImfvSQc2OzcRs3fYg50rfF3csSLe0A8gBDYs17bLd7lY5zg==

arc4@^3.4.0:
  version "3.4.0"
  resolved "https://registry.yarnpkg.com/arc4/-/arc4-3.4.0.tgz#8d585f890ef8dc8dd930a3780f2e09456c24e2cc"
  integrity sha512-zFQmSbTwSTrICYV8kldrD3YreCtlLIKEZk+lmlNSlpUKU/cF9o746WFEy9eNqLrqSyUgAAjB3gnD9UXdK23beA==
  dependencies:
    lodash "4.17.4"

lodash@4.17.4:
  version "4.17.4"
  resolved "https://registry.yarnpkg.com/lodash/-/lodash-4.17.4.tgz#78203a4d1c328ae1d86dca6460e369b57f4055ae"
  integrity sha1-eCA6TRwyiuHYbcpkYONptX9AVa4=

seedrandom@^3.0.3:
  version "3.0.3"
  resolved "https://registry.yarnpkg.com/seedrandom/-/seedrandom-3.0.3.tgz#74efcc324533b417b8f3e2cf2a70797aa4a94441"
  integrity sha512-PJLhhxIMjlMJaiIRtqiVW061EZn3cS+waZkbFe7eCa2R3g88HbNdWmw4NTFG1w5unxd0GeNaUUxZJP7gPAzSDQ==
